
Microsoft Visual Studio Solution File, Format Version 12.00
# Visual Studio 15
VisualStudioVersion = 15.0.28010.2016
MinimumVisualStudioVersion = 10.0.40219.1
Project("{FAE04EC0-301F-11D3-BF4B-00C04F79EFBC}") = "CLASES_RECURSIVIDAD", "CLASES_RECURSIVIDAD\CLASES_RECURSIVIDAD.csproj", "{12F527F9-29DA-4692-82DF-94FFC38BCE3B}"
EndProject
Global
	GlobalSection(SolutionConfigurationPlatforms) = preSolution
		Debug|Any CPU = Debug|Any CPU
		Release|Any CPU = Release|Any CPU
	EndGlobalSection
	GlobalSection(ProjectConfigurationPlatforms) = postSolution
		{12F527F9-29DA-4692-82DF-94FFC38BCE3B}.Debug|Any CPU.ActiveCfg = Debug|Any CPU
		{12F527F9-29DA-4692-82DF-94FFC38BCE3B}.Debug|Any CPU.Build.0 = Debug|Any CPU
		{12F527F9-29DA-4692-82DF-94FFC38BCE3B}.Release|Any CPU.ActiveCfg = Release|Any CPU
		{12F527F9-29DA-4692-82DF-94FFC38BCE3B}.Release|Any CPU.Build.0 = Release|Any CPU
	EndGlobalSection
	GlobalSection(SolutionProperties) = preSolution
		HideSolutionNode = FALSE
	EndGlobalSection
	GlobalSection(ExtensibilityGlobals) = postSolution
		SolutionGuid = {F49AF466-63C3-45A6-970C-9A9A273F1426}
	EndGlobalSection
EndGlobal
